
Microsoft Visual Studio Solution File, Format Version 12.00
# Visual Studio Version 16
VisualStudioVersion = 16.0.31205.134
MinimumVisualStudioVersion = 10.0.40219.1
Project("{FAE04EC0-301F-11D3-BF4B-00C04F79EFBC}") = "AplikasiLatihanTiga3", "AplikasiLatihanTiga3\AplikasiLatihanTiga3.csproj", "{525B9C5F-BDE6-4798-98ED-2B369F836325}"
EndProject
Global
	GlobalSection(SolutionConfigurationPlatforms) = preSolution
		Debug|Any CPU = Debug|Any CPU
		Release|Any CPU = Release|Any CPU
	EndGlobalSection
	GlobalSection(ProjectConfigurationPlatforms) = postSolution
		{525B9C5F-BDE6-4798-98ED-2B369F836325}.Debug|Any CPU.ActiveCfg = Debug|Any CPU
		{525B9C5F-BDE6-4798-98ED-2B369F836325}.Debug|Any CPU.Build.0 = Debug|Any CPU
		{525B9C5F-BDE6-4798-98ED-2B369F836325}.Release|Any CPU.ActiveCfg = Release|Any CPU
		{525B9C5F-BDE6-4798-98ED-2B369F836325}.Release|Any CPU.Build.0 = Release|Any CPU
	EndGlobalSection
	GlobalSection(SolutionProperties) = preSolution
		HideSolutionNode = FALSE
	EndGlobalSection
	GlobalSection(ExtensibilityGlobals) = postSolution
		SolutionGuid = {42780A16-DDD2-48EF-9C29-3B56AAC94D2E}
	EndGlobalSection
EndGlobal
